
Microsoft Visual Studio Solution File, Format Version 12.00
# Visual Studio Version 17
VisualStudioVersion = 17.3.32929.385
MinimumVisualStudioVersion = 10.0.40219.1
Project("{9A19103F-16F7-4668-BE54-9A1E7A4F7556}") = "myApp", "myApp.csproj", "{7BC86F38-9B4D-44AC-BE8A-71C2013135DB}"
EndProject
Project("{FAE04EC0-301F-11D3-BF4B-00C04F79EFBC}") = "BeazaoDay2", "..\BeazaoDay2\BeazaoDay2.csproj", "{3993FD9B-29BE-4391-AC18-1864771F5166}"
EndProject
Global
	GlobalSection(SolutionConfigurationPlatforms) = preSolution
		Debug|Any CPU = Debug|Any CPU
		Release|Any CPU = Release|Any CPU
	EndGlobalSection
	GlobalSection(ProjectConfigurationPlatforms) = postSolution
		{7BC86F38-9B4D-44AC-BE8A-71C2013135DB}.Debug|Any CPU.ActiveCfg = Debug|Any CPU
		{7BC86F38-9B4D-44AC-BE8A-71C2013135DB}.Debug|Any CPU.Build.0 = Debug|Any CPU
		{7BC86F38-9B4D-44AC-BE8A-71C2013135DB}.Release|Any CPU.ActiveCfg = Release|Any CPU
		{7BC86F38-9B4D-44AC-BE8A-71C2013135DB}.Release|Any CPU.Build.0 = Release|Any CPU
		{3993FD9B-29BE-4391-AC18-1864771F5166}.Debug|Any CPU.ActiveCfg = Debug|Any CPU
		{3993FD9B-29BE-4391-AC18-1864771F5166}.Debug|Any CPU.Build.0 = Debug|Any CPU
		{3993FD9B-29BE-4391-AC18-1864771F5166}.Release|Any CPU.ActiveCfg = Release|Any CPU
		{3993FD9B-29BE-4391-AC18-1864771F5166}.Release|Any CPU.Build.0 = Release|Any CPU
	EndGlobalSection
	GlobalSection(SolutionProperties) = preSolution
		HideSolutionNode = FALSE
	EndGlobalSection
	GlobalSection(ExtensibilityGlobals) = postSolution
		SolutionGuid = {56049311-865D-46EA-BB9B-160647B2197D}
	EndGlobalSection
EndGlobal
